
Microsoft Visual Studio Solution File, Format Version 12.00
# Visual Studio Version 16
VisualStudioVersion = 16.0.29123.88
MinimumVisualStudioVersion = 10.0.40219.1
Project("{FAE04EC0-301F-11D3-BF4B-00C04F79EFBC}") = "Rock-paper-scissors", "Rock-paper-scissors\Rock-paper-scissors.csproj", "{6A06857F-4E82-4D40-AF4A-C38B03A200EE}"
EndProject
Global
	GlobalSection(SolutionConfigurationPlatforms) = preSolution
		Debug|Any CPU = Debug|Any CPU
		Release|Any CPU = Release|Any CPU
	EndGlobalSection
	GlobalSection(ProjectConfigurationPlatforms) = postSolution
		{6A06857F-4E82-4D40-AF4A-C38B03A200EE}.Debug|Any CPU.ActiveCfg = Debug|Any CPU
		{6A06857F-4E82-4D40-AF4A-C38B03A200EE}.Debug|Any CPU.Build.0 = Debug|Any CPU
		{6A06857F-4E82-4D40-AF4A-C38B03A200EE}.Release|Any CPU.ActiveCfg = Release|Any CPU
		{6A06857F-4E82-4D40-AF4A-C38B03A200EE}.Release|Any CPU.Build.0 = Release|Any CPU
	EndGlobalSection
	GlobalSection(SolutionProperties) = preSolution
		HideSolutionNode = FALSE
	EndGlobalSection
	GlobalSection(ExtensibilityGlobals) = postSolution
		SolutionGuid = {C0066DAB-F87E-4893-9790-4C8BC2CC30FE}
	EndGlobalSection
EndGlobal
